
Microsoft Visual Studio Solution File, Format Version 12.00
# Visual Studio Version 17
VisualStudioVersion = 17.6.33723.286
MinimumVisualStudioVersion = 10.0.40219.1
Project("{FAE04EC0-301F-11D3-BF4B-00C04F79EFBC}") = "MessengerApi", "Messenger\MessengerApi.csproj", "{0D40A5AC-FDD3-4A07-883B-5230446BC18E}"
EndProject
Project("{54A90642-561A-4BB1-A94E-469ADEE60C69}") = "MessengerWeb", "MessengerWeb\MessengerWeb.esproj", "{C06532A3-5459-4984-9D06-1D5FD54EAACF}"
EndProject
Global
	GlobalSection(SolutionConfigurationPlatforms) = preSolution
		Debug|Any CPU = Debug|Any CPU
		Release|Any CPU = Release|Any CPU
	EndGlobalSection
	GlobalSection(ProjectConfigurationPlatforms) = postSolution
		{0D40A5AC-FDD3-4A07-883B-5230446BC18E}.Debug|Any CPU.ActiveCfg = Debug|Any CPU
		{0D40A5AC-FDD3-4A07-883B-5230446BC18E}.Debug|Any CPU.Build.0 = Debug|Any CPU
		{0D40A5AC-FDD3-4A07-883B-5230446BC18E}.Release|Any CPU.ActiveCfg = Release|Any CPU
		{0D40A5AC-FDD3-4A07-883B-5230446BC18E}.Release|Any CPU.Build.0 = Release|Any CPU
		{C06532A3-5459-4984-9D06-1D5FD54EAACF}.Debug|Any CPU.ActiveCfg = Debug|Any CPU
		{C06532A3-5459-4984-9D06-1D5FD54EAACF}.Debug|Any CPU.Build.0 = Debug|Any CPU
		{C06532A3-5459-4984-9D06-1D5FD54EAACF}.Debug|Any CPU.Deploy.0 = Debug|Any CPU
		{C06532A3-5459-4984-9D06-1D5FD54EAACF}.Release|Any CPU.ActiveCfg = Release|Any CPU
		{C06532A3-5459-4984-9D06-1D5FD54EAACF}.Release|Any CPU.Build.0 = Release|Any CPU
		{C06532A3-5459-4984-9D06-1D5FD54EAACF}.Release|Any CPU.Deploy.0 = Release|Any CPU
	EndGlobalSection
	GlobalSection(SolutionProperties) = preSolution
		HideSolutionNode = FALSE
	EndGlobalSection
	GlobalSection(ExtensibilityGlobals) = postSolution
		SolutionGuid = {E34FE6BA-713C-4C27-9971-B4E3F0CD8692}
	EndGlobalSection
EndGlobal
